
Microsoft Visual Studio Solution File, Format Version 12.00
# Visual Studio Version 16
VisualStudioVersion = 16.0.30309.148
MinimumVisualStudioVersion = 10.0.40219.1
Project("{FAE04EC0-301F-11D3-BF4B-00C04F79EFBC}") = "GitStatFilter", "GitStatFilter.csproj", "{EBC7629D-3625-40E5-82A2-33CF54B85642}"
EndProject
Global
	GlobalSection(SolutionConfigurationPlatforms) = preSolution
		Debug|Any CPU = Debug|Any CPU
		Release|Any CPU = Release|Any CPU
	EndGlobalSection
	GlobalSection(ProjectConfigurationPlatforms) = postSolution
		{EBC7629D-3625-40E5-82A2-33CF54B85642}.Debug|Any CPU.ActiveCfg = Debug|Any CPU
		{EBC7629D-3625-40E5-82A2-33CF54B85642}.Debug|Any CPU.Build.0 = Debug|Any CPU
		{EBC7629D-3625-40E5-82A2-33CF54B85642}.Release|Any CPU.ActiveCfg = Release|Any CPU
		{EBC7629D-3625-40E5-82A2-33CF54B85642}.Release|Any CPU.Build.0 = Release|Any CPU
	EndGlobalSection
	GlobalSection(SolutionProperties) = preSolution
		HideSolutionNode = FALSE
	EndGlobalSection
	GlobalSection(ExtensibilityGlobals) = postSolution
		SolutionGuid = {2051F9D2-4B21-41AA-99FA-200C11B11275}
	EndGlobalSection
EndGlobal
